
Microsoft Visual Studio Solution File, Format Version 12.00
# Visual Studio Version 16
VisualStudioVersion = 16.0.29519.181
MinimumVisualStudioVersion = 10.0.40219.1
Project("{FAE04EC0-301F-11D3-BF4B-00C04F79EFBC}") = "CRM_API2", "CRM_API2\CRM_API2.csproj", "{056396DC-8007-4042-A297-A92BC19EE563}"
EndProject
Global
	GlobalSection(SolutionConfigurationPlatforms) = preSolution
		Debug|Any CPU = Debug|Any CPU
		Release|Any CPU = Release|Any CPU
	EndGlobalSection
	GlobalSection(ProjectConfigurationPlatforms) = postSolution
		{056396DC-8007-4042-A297-A92BC19EE563}.Debug|Any CPU.ActiveCfg = Debug|Any CPU
		{056396DC-8007-4042-A297-A92BC19EE563}.Debug|Any CPU.Build.0 = Debug|Any CPU
		{056396DC-8007-4042-A297-A92BC19EE563}.Release|Any CPU.ActiveCfg = Release|Any CPU
		{056396DC-8007-4042-A297-A92BC19EE563}.Release|Any CPU.Build.0 = Release|Any CPU
	EndGlobalSection
	GlobalSection(SolutionProperties) = preSolution
		HideSolutionNode = FALSE
	EndGlobalSection
	GlobalSection(ExtensibilityGlobals) = postSolution
		SolutionGuid = {934B1978-C291-4058-A9E4-C5B930456A67}
	EndGlobalSection
EndGlobal
